
Microsoft Visual Studio Solution File, Format Version 12.00
# Visual Studio 14
VisualStudioVersion = 14.0.25420.1
MinimumVisualStudioVersion = 10.0.40219.1
Project("{FAE04EC0-301F-11D3-BF4B-00C04F79EFBC}") = "AngularWithNetMVC", "AngularWithNetMVC\AngularWithNetMVC.csproj", "{DFDBAF9F-EE1B-41F0-A17A-0624B1D69864}"
EndProject
Global
	GlobalSection(SolutionConfigurationPlatforms) = preSolution
		Debug|Any CPU = Debug|Any CPU
		Release|Any CPU = Release|Any CPU
	EndGlobalSection
	GlobalSection(ProjectConfigurationPlatforms) = postSolution
		{DFDBAF9F-EE1B-41F0-A17A-0624B1D69864}.Debug|Any CPU.ActiveCfg = Debug|Any CPU
		{DFDBAF9F-EE1B-41F0-A17A-0624B1D69864}.Debug|Any CPU.Build.0 = Debug|Any CPU
		{DFDBAF9F-EE1B-41F0-A17A-0624B1D69864}.Release|Any CPU.ActiveCfg = Release|Any CPU
		{DFDBAF9F-EE1B-41F0-A17A-0624B1D69864}.Release|Any CPU.Build.0 = Release|Any CPU
	EndGlobalSection
	GlobalSection(SolutionProperties) = preSolution
		HideSolutionNode = FALSE
	EndGlobalSection
EndGlobal
